
Microsoft Visual Studio Solution File, Format Version 12.00
# Visual Studio 14
VisualStudioVersion = 14.0.25420.1
MinimumVisualStudioVersion = 10.0.40219.1
Project("{FAE04EC0-301F-11D3-BF4B-00C04F79EFBC}") = "DemoMVCApp", "DemoMVCApp\DemoMVCApp.csproj", "{C90C89DA-D948-4F8B-80DC-5773F12880C6}"
EndProject
Project("{FAE04EC0-301F-11D3-BF4B-00C04F79EFBC}") = "GiveServiceApi", "GiveServiceApi\GiveServiceApi.csproj", "{48AD2752-54DF-497D-87F3-809862E2310A}"
EndProject
Project("{FAE04EC0-301F-11D3-BF4B-00C04F79EFBC}") = "DemoConsole", "DemoConsole\DemoConsole.csproj", "{37D5A8CB-EB64-4783-BADD-63C96C19E86F}"
EndProject
Global
	GlobalSection(SolutionConfigurationPlatforms) = preSolution
		Debug|Any CPU = Debug|Any CPU
		Release|Any CPU = Release|Any CPU
	EndGlobalSection
	GlobalSection(ProjectConfigurationPlatforms) = postSolution
		{C90C89DA-D948-4F8B-80DC-5773F12880C6}.Debug|Any CPU.ActiveCfg = Debug|Any CPU
		{C90C89DA-D948-4F8B-80DC-5773F12880C6}.Debug|Any CPU.Build.0 = Debug|Any CPU
		{C90C89DA-D948-4F8B-80DC-5773F12880C6}.Release|Any CPU.ActiveCfg = Release|Any CPU
		{C90C89DA-D948-4F8B-80DC-5773F12880C6}.Release|Any CPU.Build.0 = Release|Any CPU
		{48AD2752-54DF-497D-87F3-809862E2310A}.Debug|Any CPU.ActiveCfg = Debug|Any CPU
		{48AD2752-54DF-497D-87F3-809862E2310A}.Debug|Any CPU.Build.0 = Debug|Any CPU
		{48AD2752-54DF-497D-87F3-809862E2310A}.Release|Any CPU.ActiveCfg = Release|Any CPU
		{48AD2752-54DF-497D-87F3-809862E2310A}.Release|Any CPU.Build.0 = Release|Any CPU
		{37D5A8CB-EB64-4783-BADD-63C96C19E86F}.Debug|Any CPU.ActiveCfg = Debug|Any CPU
		{37D5A8CB-EB64-4783-BADD-63C96C19E86F}.Debug|Any CPU.Build.0 = Debug|Any CPU
		{37D5A8CB-EB64-4783-BADD-63C96C19E86F}.Release|Any CPU.ActiveCfg = Release|Any CPU
		{37D5A8CB-EB64-4783-BADD-63C96C19E86F}.Release|Any CPU.Build.0 = Release|Any CPU
	EndGlobalSection
	GlobalSection(SolutionProperties) = preSolution
		HideSolutionNode = FALSE
	EndGlobalSection
EndGlobal
